// !$*UTF8*$!
{
	archiveVersion = 1;
	classes = {
	};
	objectVersion = 46;
	objects = {

/* Begin PBXBuildFile section */
		11DA08771AACFF05002DCA4B /* MisdpSolver.cpp in Sources */ = {isa = PBXBuildFile; fileRef = 11F66CD91AACED9200A928FB /* MisdpSolver.cpp */; };
		11DA08791AACFF05002DCA4B /* MisdpModel.cpp in Sources */ = {isa = PBXBuildFile; fileRef = 11F66CDB1AACED9200A928FB /* MisdpModel.cpp */; };
		11DA087B1AACFF05002DCA4B /* MisdpTuneParameters.cpp in Sources */ = {isa = PBXBuildFile; fileRef = 11F66CDF1AACED9200A928FB /* MisdpTuneParameters.cpp */; };
		11DA087F1AAD0136002DCA4B /* Rectangle.cpp in Sources */ = {isa = PBXBuildFile; fileRef = 11DA087D1AAD0136002DCA4B /* Rectangle.cpp */; };
		11F66CD21AACE43400A928FB /* main.cpp in Sources */ = {isa = PBXBuildFile; fileRef = 11F66CD11AACE43400A928FB /* main.cpp */; };
/* End PBXBuildFile section */

/* Begin PBXCopyFilesBuildPhase section */
		11F66CCC1AACE43400A928FB /* CopyFiles */ = {
			isa = PBXCopyFilesBuildPhase;
			buildActionMask = 2147483647;
			dstPath = /usr/share/man/man1/;
			dstSubfolderSpec = 0;
			files = (
			);
			runOnlyForDeploymentPostprocessing = 1;
		};
/* End PBXCopyFilesBuildPhase section */

/* Begin PBXFileReference section */
		11DA087D1AAD0136002DCA4B /* Rectangle.cpp */ = {isa = PBXFileReference; fileEncoding = 4; lastKnownFileType = sourcecode.cpp.cpp; path = Rectangle.cpp; sourceTree = "<group>"; };
		11DA087E1AAD0136002DCA4B /* Rectangle.h */ = {isa = PBXFileReference; fileEncoding = 4; lastKnownFileType = sourcecode.c.h; path = Rectangle.h; sourceTree = "<group>"; };
		11F66CCE1AACE43400A928FB /* misdp */ = {isa = PBXFileReference; explicitFileType = "compiled.mach-o.executable"; includeInIndex = 0; path = misdp; sourceTree = BUILT_PRODUCTS_DIR; };
		11F66CD11AACE43400A928FB /* main.cpp */ = {isa = PBXFileReference; lastKnownFileType = sourcecode.cpp.cpp; path = main.cpp; sourceTree = "<group>"; };
		11F66CD81AACED9200A928FB /* MisdpSolver.h */ = {isa = PBXFileReference; fileEncoding = 4; lastKnownFileType = sourcecode.c.h; path = MisdpSolver.h; sourceTree = "<group>"; };
		11F66CD91AACED9200A928FB /* MisdpSolver.cpp */ = {isa = PBXFileReference; fileEncoding = 4; lastKnownFileType = sourcecode.cpp.cpp; path = MisdpSolver.cpp; sourceTree = "<group>"; };
		11F66CDA1AACED9200A928FB /* MisdpTuneParameters.h */ = {isa = PBXFileReference; fileEncoding = 4; lastKnownFileType = sourcecode.c.h; path = MisdpTuneParameters.h; sourceTree = "<group>"; };
		11F66CDB1AACED9200A928FB /* MisdpModel.cpp */ = {isa = PBXFileReference; fileEncoding = 4; lastKnownFileType = sourcecode.cpp.cpp; path = MisdpModel.cpp; sourceTree = "<group>"; };
		11F66CDC1AACED9200A928FB /* MisdpModel.h */ = {isa = PBXFileReference; fileEncoding = 4; lastKnownFileType = sourcecode.c.h; path = MisdpModel.h; sourceTree = "<group>"; };
		11F66CDE1AACED9200A928FB /* data.txt */ = {isa = PBXFileReference; fileEncoding = 4; lastKnownFileType = text; path = data.txt; sourceTree = "<group>"; };
		11F66CDF1AACED9200A928FB /* MisdpTuneParameters.cpp */ = {isa = PBXFileReference; fileEncoding = 4; lastKnownFileType = sourcecode.cpp.cpp; path = MisdpTuneParameters.cpp; sourceTree = "<group>"; };
		11F66CE31AACEF5D00A928FB /* main.h */ = {isa = PBXFileReference; fileEncoding = 4; lastKnownFileType = sourcecode.c.h; path = main.h; sourceTree = "<group>"; };
/* End PBXFileReference section */

/* Begin PBXFrameworksBuildPhase section */
		11F66CCB1AACE43400A928FB /* Frameworks */ = {
			isa = PBXFrameworksBuildPhase;
			buildActionMask = 2147483647;
			files = (
			);
			runOnlyForDeploymentPostprocessing = 0;
		};
/* End PBXFrameworksBuildPhase section */

/* Begin PBXGroup section */
		11F66CC51AACE43400A928FB = {
			isa = PBXGroup;
			children = (
				11F66CD01AACE43400A928FB /* misdp */,
				11F66CCF1AACE43400A928FB /* Products */,
			);
			sourceTree = "<group>";
		};
		11F66CCF1AACE43400A928FB /* Products */ = {
			isa = PBXGroup;
			children = (
				11F66CCE1AACE43400A928FB /* misdp */,
			);
			name = Products;
			sourceTree = "<group>";
		};
		11F66CD01AACE43400A928FB /* misdp */ = {
			isa = PBXGroup;
			children = (
				11F66CE31AACEF5D00A928FB /* main.h */,
				11F66CD11AACE43400A928FB /* main.cpp */,
				11DA087D1AAD0136002DCA4B /* Rectangle.cpp */,
				11DA087E1AAD0136002DCA4B /* Rectangle.h */,
				11F66CD91AACED9200A928FB /* MisdpSolver.cpp */,
				11F66CD81AACED9200A928FB /* MisdpSolver.h */,
				11F66CDB1AACED9200A928FB /* MisdpModel.cpp */,
				11F66CDC1AACED9200A928FB /* MisdpModel.h */,
				11F66CDF1AACED9200A928FB /* MisdpTuneParameters.cpp */,
				11F66CDA1AACED9200A928FB /* MisdpTuneParameters.h */,
				11F66CDD1AACED9200A928FB /* data */,
			);
			path = misdp;
			sourceTree = "<group>";
		};
		11F66CDD1AACED9200A928FB /* data */ = {
			isa = PBXGroup;
			children = (
				11F66CDE1AACED9200A928FB /* data.txt */,
			);
			path = data;
			sourceTree = "<group>";
		};
/* End PBXGroup section */

/* Begin PBXNativeTarget section */
		11F66CCD1AACE43400A928FB /* misdp */ = {
			isa = PBXNativeTarget;
			buildConfigurationList = 11F66CD51AACE43400A928FB /* Build configuration list for PBXNativeTarget "misdp" */;
			buildPhases = (
				11F66CCA1AACE43400A928FB /* Sources */,
				11F66CCB1AACE43400A928FB /* Frameworks */,
				11F66CCC1AACE43400A928FB /* CopyFiles */,
			);
			buildRules = (
			);
			dependencies = (
			);
			name = misdp;
			productName = misdp;
			productReference = 11F66CCE1AACE43400A928FB /* misdp */;
			productType = "com.apple.product-type.tool";
		};
/* End PBXNativeTarget section */

/* Begin PBXProject section */
		11F66CC61AACE43400A928FB /* Project object */ = {
			isa = PBXProject;
			attributes = {
				LastUpgradeCheck = 0610;
				ORGANIZATIONNAME = "Qi Zhang";
				TargetAttributes = {
					11F66CCD1AACE43400A928FB = {
						CreatedOnToolsVersion = 6.1.1;
					};
				};
			};
			buildConfigurationList = 11F66CC91AACE43400A928FB /* Build configuration list for PBXProject "misdp" */;
			compatibilityVersion = "Xcode 3.2";
			developmentRegion = English;
			hasScannedForEncodings = 0;
			knownRegions = (
				en,
			);
			mainGroup = 11F66CC51AACE43400A928FB;
			productRefGroup = 11F66CCF1AACE43400A928FB /* Products */;
			projectDirPath = "";
			projectRoot = "";
			targets = (
				11F66CCD1AACE43400A928FB /* misdp */,
			);
		};
/* End PBXProject section */

/* Begin PBXSourcesBuildPhase section */
		11F66CCA1AACE43400A928FB /* Sources */ = {
			isa = PBXSourcesBuildPhase;
			buildActionMask = 2147483647;
			files = (
				11DA08771AACFF05002DCA4B /* MisdpSolver.cpp in Sources */,
				11DA08791AACFF05002DCA4B /* MisdpModel.cpp in Sources */,
				11DA087B1AACFF05002DCA4B /* MisdpTuneParameters.cpp in Sources */,
				11DA087F1AAD0136002DCA4B /* Rectangle.cpp in Sources */,
				11F66CD21AACE43400A928FB /* main.cpp in Sources */,
			);
			runOnlyForDeploymentPostprocessing = 0;
		};
/* End PBXSourcesBuildPhase section */

/* Begin XCBuildConfiguration section */
		11F66CD31AACE43400A928FB /* Debug */ = {
			isa = XCBuildConfiguration;
			buildSettings = {
				ALWAYS_SEARCH_USER_PATHS = NO;
				COPY_PHASE_STRIP = NO;
				ENABLE_STRICT_OBJC_MSGSEND = YES;
				GCC_C_LANGUAGE_STANDARD = gnu99;
				GCC_DYNAMIC_NO_PIC = NO;
				GCC_OPTIMIZATION_LEVEL = 0;
				GCC_PREPROCESSOR_DEFINITIONS = (
					"DEBUG=1",
					"$(inherited)",
				);
				GCC_SYMBOLS_PRIVATE_EXTERN = NO;
				GCC_VERSION = 4.9;
				GCC_WARN_64_TO_32_BIT_CONVERSION = YES;
				GCC_WARN_ABOUT_RETURN_TYPE = YES_ERROR;
				GCC_WARN_UNDECLARED_SELECTOR = YES;
				GCC_WARN_UNINITIALIZED_AUTOS = YES_AGGRESSIVE;
				GCC_WARN_UNUSED_FUNCTION = YES;
				GCC_WARN_UNUSED_VARIABLE = YES;
				HEADER_SEARCH_PATHS = (
					"$(inherited)",
					/Applications/Xcode.app/Contents/Developer/Toolchains/XcodeDefault.xctoolchain/usr/include,
					"/Users/Qi/Applications/IBM/ILOG/CPLEX_Studio1261/cplex/include\n/Users/Qi/Applications/IBM/ILOG/CPLEX_Studio1261/concert/include",
				);
				MACOSX_DEPLOYMENT_TARGET = "";
				MTL_ENABLE_DEBUG_INFO = YES;
				ONLY_ACTIVE_ARCH = NO;
				OTHER_CPLUSPLUSFLAGS = (
					"$(OTHER_CFLAGS)",
					"-std=c++11",
				);
				OTHER_LDFLAGS = (
					"-w",
					"-m64",
					"-g",
					"-O",
					"-fPIC",
					"-fno-strict-aliasing",
					"-fexceptions",
					"-DNDEBUG",
					"-DIL_STD",
					"-I/Users/Qi/Applications/IBM/ILOG/CPLEX_Studio1261/cplex/include",
					"-I/Users/Qi/Applications/IBM/ILOG/CPLEX_Studio1261/concert/include",
					"-L/Users/Qi/Applications/IBM/ILOG/CPLEX_Studio1261/cplex/lib/x86-64_osx/static_pic",
					"-L/Users/Qi/Applications/IBM/ILOG/CPLEX_Studio1261/concert/lib/x86-64_osx/static_pic",
					"-lconcert",
					"-lilocplex",
					"-lcplex",
					"-lm",
					"-pthread",
				);
				SDKROOT = "";
			};
			name = Debug;
		};
		11F66CD41AACE43400A928FB /* Release */ = {
			isa = XCBuildConfiguration;
			buildSettings = {
				ALWAYS_SEARCH_USER_PATHS = NO;
				COPY_PHASE_STRIP = YES;
				DEBUG_INFORMATION_FORMAT = "dwarf-with-dsym";
				ENABLE_NS_ASSERTIONS = NO;
				ENABLE_STRICT_OBJC_MSGSEND = YES;
				GCC_C_LANGUAGE_STANDARD = gnu99;
				GCC_VERSION = 4.9;
				GCC_WARN_64_TO_32_BIT_CONVERSION = YES;
				GCC_WARN_ABOUT_RETURN_TYPE = YES_ERROR;
				GCC_WARN_UNDECLARED_SELECTOR = YES;
				GCC_WARN_UNINITIALIZED_AUTOS = YES_AGGRESSIVE;
				GCC_WARN_UNUSED_FUNCTION = YES;
				GCC_WARN_UNUSED_VARIABLE = YES;
				HEADER_SEARCH_PATHS = (
					"$(inherited)",
					/Applications/Xcode.app/Contents/Developer/Toolchains/XcodeDefault.xctoolchain/usr/include,
					"/Users/Qi/Applications/IBM/ILOG/CPLEX_Studio1261/cplex/include\n/Users/Qi/Applications/IBM/ILOG/CPLEX_Studio1261/concert/include",
				);
				MACOSX_DEPLOYMENT_TARGET = "";
				MTL_ENABLE_DEBUG_INFO = NO;
				ONLY_ACTIVE_ARCH = NO;
				OTHER_CPLUSPLUSFLAGS = (
					"$(OTHER_CFLAGS)",
					"-std=c++11",
				);
				OTHER_LDFLAGS = (
					"-w",
					"-m64",
					"-g",
					"-O",
					"-fPIC",
					"-fno-strict-aliasing",
					"-fexceptions",
					"-DNDEBUG",
					"-DIL_STD",
					"-I/Users/Qi/Applications/IBM/ILOG/CPLEX_Studio1261/cplex/include",
					"-I/Users/Qi/Applications/IBM/ILOG/CPLEX_Studio1261/concert/include",
					"-L/Users/Qi/Applications/IBM/ILOG/CPLEX_Studio1261/cplex/lib/x86-64_osx/static_pic",
					"-L/Users/Qi/Applications/IBM/ILOG/CPLEX_Studio1261/concert/lib/x86-64_osx/static_pic",
					"-lconcert",
					"-lilocplex",
					"-lcplex",
					"-lm",
					"-pthread",
				);
				SDKROOT = "";
			};
			name = Release;
		};
		11F66CD61AACE43400A928FB /* Debug */ = {
			isa = XCBuildConfiguration;
			buildSettings = {
				PRODUCT_NAME = "$(TARGET_NAME)";
			};
			name = Debug;
		};
		11F66CD71AACE43400A928FB /* Release */ = {
			isa = XCBuildConfiguration;
			buildSettings = {
				PRODUCT_NAME = "$(TARGET_NAME)";
			};
			name = Release;
		};
/* End XCBuildConfiguration section */

/* Begin XCConfigurationList section */
		11F66CC91AACE43400A928FB /* Build configuration list for PBXProject "misdp" */ = {
			isa = XCConfigurationList;
			buildConfigurations = (
				11F66CD31AACE43400A928FB /* Debug */,
				11F66CD41AACE43400A928FB /* Release */,
			);
			defaultConfigurationIsVisible = 0;
			defaultConfigurationName = Debug;
		};
		11F66CD51AACE43400A928FB /* Build configuration list for PBXNativeTarget "misdp" */ = {
			isa = XCConfigurationList;
			buildConfigurations = (
				11F66CD61AACE43400A928FB /* Debug */,
				11F66CD71AACE43400A928FB /* Release */,
			);
			defaultConfigurationIsVisible = 0;
			defaultConfigurationName = Debug;
		};
/* End XCConfigurationList section */
	};
	rootObject = 11F66CC61AACE43400A928FB /* Project object */;
}
